
Microsoft Visual Studio Solution File, Format Version 12.00
# Visual Studio Version 17
VisualStudioVersion = 17.10.35013.160
MinimumVisualStudioVersion = 10.0.40219.1
Project("{FAE04EC0-301F-11D3-BF4B-00C04F79EFBC}") = "CodeValueTest", "CodeValueTest\CodeValueTest.csproj", "{63A05AC0-9A65-40F0-9E2E-895489BB9107}"
EndProject
Global
	GlobalSection(SolutionConfigurationPlatforms) = preSolution
		Debug|Any CPU = Debug|Any CPU
		Release|Any CPU = Release|Any CPU
	EndGlobalSection
	GlobalSection(ProjectConfigurationPlatforms) = postSolution
		{63A05AC0-9A65-40F0-9E2E-895489BB9107}.Debug|Any CPU.ActiveCfg = Debug|Any CPU
		{63A05AC0-9A65-40F0-9E2E-895489BB9107}.Debug|Any CPU.Build.0 = Debug|Any CPU
		{63A05AC0-9A65-40F0-9E2E-895489BB9107}.Release|Any CPU.ActiveCfg = Release|Any CPU
		{63A05AC0-9A65-40F0-9E2E-895489BB9107}.Release|Any CPU.Build.0 = Release|Any CPU
	EndGlobalSection
	GlobalSection(SolutionProperties) = preSolution
		HideSolutionNode = FALSE
	EndGlobalSection
	GlobalSection(ExtensibilityGlobals) = postSolution
		SolutionGuid = {749BC957-40F8-4974-93BC-D04CD0644B87}
	EndGlobalSection
EndGlobal
